
Microsoft Visual Studio Solution File, Format Version 12.00
# Visual Studio 15
VisualStudioVersion = 15.0.28307.421
MinimumVisualStudioVersion = 10.0.40219.1
Project("{FAE04EC0-301F-11D3-BF4B-00C04F79EFBC}") = "Step92", "Step92\Step92.csproj", "{EAB52B04-6148-4F1B-BA17-1653DFCC49EE}"
EndProject
Global
	GlobalSection(SolutionConfigurationPlatforms) = preSolution
		Debug|Any CPU = Debug|Any CPU
		Release|Any CPU = Release|Any CPU
	EndGlobalSection
	GlobalSection(ProjectConfigurationPlatforms) = postSolution
		{EAB52B04-6148-4F1B-BA17-1653DFCC49EE}.Debug|Any CPU.ActiveCfg = Debug|Any CPU
		{EAB52B04-6148-4F1B-BA17-1653DFCC49EE}.Debug|Any CPU.Build.0 = Debug|Any CPU
		{EAB52B04-6148-4F1B-BA17-1653DFCC49EE}.Release|Any CPU.ActiveCfg = Release|Any CPU
		{EAB52B04-6148-4F1B-BA17-1653DFCC49EE}.Release|Any CPU.Build.0 = Release|Any CPU
	EndGlobalSection
	GlobalSection(SolutionProperties) = preSolution
		HideSolutionNode = FALSE
	EndGlobalSection
	GlobalSection(ExtensibilityGlobals) = postSolution
		SolutionGuid = {FD3FA21D-D10A-463B-84DD-7673CD4B0CDA}
	EndGlobalSection
EndGlobal
